
Microsoft Visual Studio Solution File, Format Version 12.00
# Visual Studio Version 17
VisualStudioVersion = 17.0.31912.275
MinimumVisualStudioVersion = 10.0.40219.1
Project("{FAE04EC0-301F-11D3-BF4B-00C04F79EFBC}") = "FigletFontArt", "FigletFontArt\FigletFontArt.csproj", "{31CBDF7F-2025-4983-BC56-407629AB6CF3}"
EndProject
Project("{FAE04EC0-301F-11D3-BF4B-00C04F79EFBC}") = "FigletFontArtApp", "FigletFontArtApp\FigletFontArtApp.csproj", "{0A0793C6-DC0F-4251-B600-E67F6B424F88}"
EndProject
Global
	GlobalSection(SolutionConfigurationPlatforms) = preSolution
		Debug|Any CPU = Debug|Any CPU
		Release|Any CPU = Release|Any CPU
	EndGlobalSection
	GlobalSection(ProjectConfigurationPlatforms) = postSolution
		{31CBDF7F-2025-4983-BC56-407629AB6CF3}.Debug|Any CPU.ActiveCfg = Debug|Any CPU
		{31CBDF7F-2025-4983-BC56-407629AB6CF3}.Debug|Any CPU.Build.0 = Debug|Any CPU
		{31CBDF7F-2025-4983-BC56-407629AB6CF3}.Release|Any CPU.ActiveCfg = Release|Any CPU
		{31CBDF7F-2025-4983-BC56-407629AB6CF3}.Release|Any CPU.Build.0 = Release|Any CPU
		{0A0793C6-DC0F-4251-B600-E67F6B424F88}.Debug|Any CPU.ActiveCfg = Debug|Any CPU
		{0A0793C6-DC0F-4251-B600-E67F6B424F88}.Debug|Any CPU.Build.0 = Debug|Any CPU
		{0A0793C6-DC0F-4251-B600-E67F6B424F88}.Release|Any CPU.ActiveCfg = Release|Any CPU
		{0A0793C6-DC0F-4251-B600-E67F6B424F88}.Release|Any CPU.Build.0 = Release|Any CPU
	EndGlobalSection
	GlobalSection(SolutionProperties) = preSolution
		HideSolutionNode = FALSE
	EndGlobalSection
	GlobalSection(ExtensibilityGlobals) = postSolution
		SolutionGuid = {360574F9-46FC-4F23-9FA0-849A4E8BDC76}
	EndGlobalSection
EndGlobal
